
Microsoft Visual Studio Solution File, Format Version 12.00
# Visual Studio Version 16
VisualStudioVersion = 16.0.31624.102
MinimumVisualStudioVersion = 10.0.40219.1
Project("{9A19103F-16F7-4668-BE54-9A1E7A4F7556}") = "TelecomProject.Data", "TelecomProject.Data\TelecomProject.Data.csproj", "{41452331-2026-4BB2-8670-0C2159B899AA}"
EndProject
Project("{9A19103F-16F7-4668-BE54-9A1E7A4F7556}") = "TelecomProject.Domain", "TelecomProject.Domain\TelecomProject.Domain.csproj", "{2D55A4F9-C5EA-41C0-93E3-BA7C3E17D5EF}"
EndProject
Project("{9A19103F-16F7-4668-BE54-9A1E7A4F7556}") = "TelecomProject.Web", "TelecomProject.Web\TelecomProject.Web.csproj", "{EBA3E72F-3915-4FFF-A0A5-035750FE707A}"
EndProject
Global
	GlobalSection(SolutionConfigurationPlatforms) = preSolution
		Debug|Any CPU = Debug|Any CPU
		Release|Any CPU = Release|Any CPU
	EndGlobalSection
	GlobalSection(ProjectConfigurationPlatforms) = postSolution
		{41452331-2026-4BB2-8670-0C2159B899AA}.Debug|Any CPU.ActiveCfg = Debug|Any CPU
		{41452331-2026-4BB2-8670-0C2159B899AA}.Debug|Any CPU.Build.0 = Debug|Any CPU
		{41452331-2026-4BB2-8670-0C2159B899AA}.Release|Any CPU.ActiveCfg = Release|Any CPU
		{41452331-2026-4BB2-8670-0C2159B899AA}.Release|Any CPU.Build.0 = Release|Any CPU
		{2D55A4F9-C5EA-41C0-93E3-BA7C3E17D5EF}.Debug|Any CPU.ActiveCfg = Debug|Any CPU
		{2D55A4F9-C5EA-41C0-93E3-BA7C3E17D5EF}.Debug|Any CPU.Build.0 = Debug|Any CPU
		{2D55A4F9-C5EA-41C0-93E3-BA7C3E17D5EF}.Release|Any CPU.ActiveCfg = Release|Any CPU
		{2D55A4F9-C5EA-41C0-93E3-BA7C3E17D5EF}.Release|Any CPU.Build.0 = Release|Any CPU
		{EBA3E72F-3915-4FFF-A0A5-035750FE707A}.Debug|Any CPU.ActiveCfg = Debug|Any CPU
		{EBA3E72F-3915-4FFF-A0A5-035750FE707A}.Debug|Any CPU.Build.0 = Debug|Any CPU
		{EBA3E72F-3915-4FFF-A0A5-035750FE707A}.Release|Any CPU.ActiveCfg = Release|Any CPU
		{EBA3E72F-3915-4FFF-A0A5-035750FE707A}.Release|Any CPU.Build.0 = Release|Any CPU
	EndGlobalSection
	GlobalSection(SolutionProperties) = preSolution
		HideSolutionNode = FALSE
	EndGlobalSection
	GlobalSection(ExtensibilityGlobals) = postSolution
		SolutionGuid = {B5B44CB2-A738-46EF-95E4-9678EC40B6A6}
	EndGlobalSection
EndGlobal
